
Microsoft Visual Studio Solution File, Format Version 12.00
# Visual Studio Version 17
VisualStudioVersion = 17.4.33213.308
MinimumVisualStudioVersion = 10.0.40219.1
Project("{FAE04EC0-301F-11D3-BF4B-00C04F79EFBC}") = "ChatGPTBlogger", "ChatGPTBlogger.csproj", "{24F890F3-FB42-4CE0-B62B-4A6C4C591F02}"
EndProject
Global
	GlobalSection(SolutionConfigurationPlatforms) = preSolution
		Debug|Any CPU = Debug|Any CPU
		Release|Any CPU = Release|Any CPU
	EndGlobalSection
	GlobalSection(ProjectConfigurationPlatforms) = postSolution
		{24F890F3-FB42-4CE0-B62B-4A6C4C591F02}.Debug|Any CPU.ActiveCfg = Debug|Any CPU
		{24F890F3-FB42-4CE0-B62B-4A6C4C591F02}.Debug|Any CPU.Build.0 = Debug|Any CPU
		{24F890F3-FB42-4CE0-B62B-4A6C4C591F02}.Release|Any CPU.ActiveCfg = Release|Any CPU
		{24F890F3-FB42-4CE0-B62B-4A6C4C591F02}.Release|Any CPU.Build.0 = Release|Any CPU
	EndGlobalSection
	GlobalSection(SolutionProperties) = preSolution
		HideSolutionNode = FALSE
	EndGlobalSection
	GlobalSection(ExtensibilityGlobals) = postSolution
		SolutionGuid = {6400E75B-3E01-474F-AD6A-B629C4A0EC03}
	EndGlobalSection
EndGlobal
